
Microsoft Visual Studio Solution File, Format Version 12.00
# Visual Studio Version 17
VisualStudioVersion = 17.14.36518.9 d17.14
MinimumVisualStudioVersion = 10.0.40219.1
Project("{FAE04EC0-301F-11D3-BF4B-00C04F79EFBC}") = "FreakyFashion", "FreakyFashion.csproj", "{D1643834-3114-4107-A249-DC4B5821FB1E}"
EndProject
Global
	GlobalSection(SolutionConfigurationPlatforms) = preSolution
		Debug|Any CPU = Debug|Any CPU
		Release|Any CPU = Release|Any CPU
	EndGlobalSection
	GlobalSection(ProjectConfigurationPlatforms) = postSolution
		{D1643834-3114-4107-A249-DC4B5821FB1E}.Debug|Any CPU.ActiveCfg = Debug|Any CPU
		{D1643834-3114-4107-A249-DC4B5821FB1E}.Debug|Any CPU.Build.0 = Debug|Any CPU
		{D1643834-3114-4107-A249-DC4B5821FB1E}.Release|Any CPU.ActiveCfg = Release|Any CPU
		{D1643834-3114-4107-A249-DC4B5821FB1E}.Release|Any CPU.Build.0 = Release|Any CPU
	EndGlobalSection
	GlobalSection(SolutionProperties) = preSolution
		HideSolutionNode = FALSE
	EndGlobalSection
	GlobalSection(ExtensibilityGlobals) = postSolution
		SolutionGuid = {D09FFF11-09AE-43BD-9C24-00C085041E12}
	EndGlobalSection
EndGlobal
